Microsoft Visual Studio Solution File, Format Version 12.00
# Visual Studio Version 17
VisualStudioVersion = 17.5.2.0
MinimumVisualStudioVersion = 10.0.40219.1
Project("{FAE04EC0-301F-11D3-BF4B-00C04F79EFBC}") = "CNY8MP_APICSharp", "CNY8MP_APICSharp.csproj", "{486AD1E0-3820-75D3-B6D2-68BFFE624EE5}"
EndProject
Global
	GlobalSection(SolutionConfigurationPlatforms) = preSolution
		Debug|Any CPU = Debug|Any CPU
		Release|Any CPU = Release|Any CPU
	EndGlobalSection
	GlobalSection(ProjectConfigurationPlatforms) = postSolution
		{486AD1E0-3820-75D3-B6D2-68BFFE624EE5}.Debug|Any CPU.ActiveCfg = Debug|Any CPU
		{486AD1E0-3820-75D3-B6D2-68BFFE624EE5}.Debug|Any CPU.Build.0 = Debug|Any CPU
		{486AD1E0-3820-75D3-B6D2-68BFFE624EE5}.Release|Any CPU.ActiveCfg = Release|Any CPU
		{486AD1E0-3820-75D3-B6D2-68BFFE624EE5}.Release|Any CPU.Build.0 = Release|Any CPU
	EndGlobalSection
	GlobalSection(SolutionProperties) = preSolution
		HideSolutionNode = FALSE
	EndGlobalSection
	GlobalSection(ExtensibilityGlobals) = postSolution
		SolutionGuid = {D0AAAC15-B452-4C6C-9B85-1C126DE56F42}
	EndGlobalSection
EndGlobal
